// !$*UTF8*$!
{
	archiveVersion = 1;
	classes = {
	};
	objectVersion = 46;
	objects = {

/* Begin PBXBuildFile section */
		7279180F3266E002F1E0D77C /* Pods_TrackMyJourneysTests.framework in Frameworks */ = {isa = PBXBuildFile; fileRef = 24B65E98C7C4E05317871D55 /* Pods_TrackMyJourneysTests.framework */; };
		95409CDD1F0C3B500081BB39 /* DetailMapViewController.swift in Sources */ = {isa = PBXBuildFile; fileRef = 95409CDC1F0C3B500081BB39 /* DetailMapViewController.swift */; };
		957509BD1F0B004800D101BC /* ListTableViewController.swift in Sources */ = {isa = PBXBuildFile; fileRef = 957509BC1F0B004800D101BC /* ListTableViewController.swift */; };
		958C95BD1F0EEDD80014315F /* InfoTableViewController.swift in Sources */ = {isa = PBXBuildFile; fileRef = 958C95BC1F0EEDD80014315F /* InfoTableViewController.swift */; };
		95D807CE1F0ADD360058205A /* AppDelegate.swift in Sources */ = {isa = PBXBuildFile; fileRef = 95D807CD1F0ADD360058205A /* AppDelegate.swift */; };
		95D807D01F0ADD360058205A /* MapViewController.swift in Sources */ = {isa = PBXBuildFile; fileRef = 95D807CF1F0ADD360058205A /* MapViewController.swift */; };
		95D807D31F0ADD360058205A /* Main.storyboard in Resources */ = {isa = PBXBuildFile; fileRef = 95D807D11F0ADD360058205A /* Main.storyboard */; };
		95D807D61F0ADD360058205A /* TrackMyJourneys.xcdatamodeld in Sources */ = {isa = PBXBuildFile; fileRef = 95D807D41F0ADD360058205A /* TrackMyJourneys.xcdatamodeld */; };
		95D807D81F0ADD360058205A /* Assets.xcassets in Resources */ = {isa = PBXBuildFile; fileRef = 95D807D71F0ADD360058205A /* Assets.xcassets */; };
		95D807DB1F0ADD360058205A /* LaunchScreen.storyboard in Resources */ = {isa = PBXBuildFile; fileRef = 95D807D91F0ADD360058205A /* LaunchScreen.storyboard */; };
		95D807E61F0ADD360058205A /* TrackMyJourneysTests.swift in Sources */ = {isa = PBXBuildFile; fileRef = 95D807E51F0ADD360058205A /* TrackMyJourneysTests.swift */; };
		95D807F11F0ADD360058205A /* TrackMyJourneysUITests.swift in Sources */ = {isa = PBXBuildFile; fileRef = 95D807F01F0ADD360058205A /* TrackMyJourneysUITests.swift */; };
		95D808011F0AE3370058205A /* NSNotificationKeys.swift in Sources */ = {isa = PBXBuildFile; fileRef = 95D808001F0AE3370058205A /* NSNotificationKeys.swift */; };
		A27F6C46DCDFE65E999A35A0 /* Pods_TrackMyJourneysUITests.framework in Frameworks */ = {isa = PBXBuildFile; fileRef = B9A55DB0E197BE051F6366DC /* Pods_TrackMyJourneysUITests.framework */; };
		A5296D79C358F60F18B0448B /* Pods_TrackMyJourneys.framework in Frameworks */ = {isa = PBXBuildFile; fileRef = 7F36BB6E01CA782A412276AD /* Pods_TrackMyJourneys.framework */; };
/* End PBXBuildFile section */

/* Begin PBXContainerItemProxy section */
		95D807E21F0ADD360058205A /* PBXContainerItemProxy */ = {
			isa = PBXContainerItemProxy;
			containerPortal = 95D807C21F0ADD360058205A /* Project object */;
			proxyType = 1;
			remoteGlobalIDString = 95D807C91F0ADD360058205A;
			remoteInfo = TrackMyJourneys;
		};
		95D807ED1F0ADD360058205A /* PBXContainerItemProxy */ = {
			isa = PBXContainerItemProxy;
			containerPortal = 95D807C21F0ADD360058205A /* Project object */;
			proxyType = 1;
			remoteGlobalIDString = 95D807C91F0ADD360058205A;
			remoteInfo = TrackMyJourneys;
		};
/* End PBXContainerItemProxy section */

/* Begin PBXFileReference section */
		0087F5C3289F25E84B5F95D4 /* Pods-TrackMyJourneys.release.xcconfig */ = {isa = PBXFileReference; includeInIndex = 1; lastKnownFileType = text.xcconfig; name = "Pods-TrackMyJourneys.release.xcconfig"; path = "Pods/Target Support Files/Pods-TrackMyJourneys/Pods-TrackMyJourneys.release.xcconfig"; sourceTree = "<group>"; };
		1D2667147D2619B8B1E2E545 /* Pods-TrackMyJourneysUITests.release.xcconfig */ = {isa = PBXFileReference; includeInIndex = 1; lastKnownFileType = text.xcconfig; name = "Pods-TrackMyJourneysUITests.release.xcconfig"; path = "Pods/Target Support Files/Pods-TrackMyJourneysUITests/Pods-TrackMyJourneysUITests.release.xcconfig"; sourceTree = "<group>"; };
		24B65E98C7C4E05317871D55 /* Pods_TrackMyJourneysTests.framework */ = {isa = PBXFileReference; explicitFileType = wrapper.framework; includeInIndex = 0; path = Pods_TrackMyJourneysTests.framework; sourceTree = BUILT_PRODUCTS_DIR; };
		4271C2B32A764A7990568ABB /* Pods-TrackMyJourneys.debug.xcconfig */ = {isa = PBXFileReference; includeInIndex = 1; lastKnownFileType = text.xcconfig; name = "Pods-TrackMyJourneys.debug.xcconfig"; path = "Pods/Target Support Files/Pods-TrackMyJourneys/Pods-TrackMyJourneys.debug.xcconfig"; sourceTree = "<group>"; };
		4BD679279342AF8740D89A47 /* Pods-TrackMyJourneysTests.debug.xcconfig */ = {isa = PBXFileReference; includeInIndex = 1; lastKnownFileType = text.xcconfig; name = "Pods-TrackMyJourneysTests.debug.xcconfig"; path = "Pods/Target Support Files/Pods-TrackMyJourneysTests/Pods-TrackMyJourneysTests.debug.xcconfig"; sourceTree = "<group>"; };
		7DD1932EC8FB7B713F99A152 /* Pods-TrackMyJourneysUITests.debug.xcconfig */ = {isa = PBXFileReference; includeInIndex = 1; lastKnownFileType = text.xcconfig; name = "Pods-TrackMyJourneysUITests.debug.xcconfig"; path = "Pods/Target Support Files/Pods-TrackMyJourneysUITests/Pods-TrackMyJourneysUITests.debug.xcconfig"; sourceTree = "<group>"; };
		7F36BB6E01CA782A412276AD /* Pods_TrackMyJourneys.framework */ = {isa = PBXFileReference; explicitFileType = wrapper.framework; includeInIndex = 0; path = Pods_TrackMyJourneys.framework; sourceTree = BUILT_PRODUCTS_DIR; };
		95409CDC1F0C3B500081BB39 /* DetailMapViewController.swift */ = {isa = PBXFileReference; fileEncoding = 4; lastKnownFileType = sourcecode.swift; path = DetailMapViewController.swift; sourceTree = "<group>"; };
		957509BC1F0B004800D101BC /* ListTableViewController.swift */ = {isa = PBXFileReference; fileEncoding = 4; lastKnownFileType = sourcecode.swift; path = ListTableViewController.swift; sourceTree = "<group>"; };
		958C95BC1F0EEDD80014315F /* InfoTableViewController.swift */ = {isa = PBXFileReference; fileEncoding = 4; lastKnownFileType = sourcecode.swift; path = InfoTableViewController.swift; sourceTree = "<group>"; };
		95D807CA1F0ADD360058205A /* TrackMyJourneys.app */ = {isa = PBXFileReference; explicitFileType = wrapper.application; includeInIndex = 0; path = TrackMyJourneys.app; sourceTree = BUILT_PRODUCTS_DIR; };
		95D807CD1F0ADD360058205A /* AppDelegate.swift */ = {isa = PBXFileReference; lastKnownFileType = sourcecode.swift; path = AppDelegate.swift; sourceTree = "<group>"; };
		95D807CF1F0ADD360058205A /* MapViewController.swift */ = {isa = PBXFileReference; lastKnownFileType = sourcecode.swift; path = MapViewController.swift; sourceTree = "<group>"; };
		95D807D21F0ADD360058205A /* Base */ = {isa = PBXFileReference; lastKnownFileType = file.storyboard; name = Base; path = Base.lproj/Main.storyboard; sourceTree = "<group>"; };
		95D807D51F0ADD360058205A /* TrackMyJourneys.xcdatamodel */ = {isa = PBXFileReference; lastKnownFileType = wrapper.xcdatamodel; path = TrackMyJourneys.xcdatamodel; sourceTree = "<group>"; };
		95D807D71F0ADD360058205A /* Assets.xcassets */ = {isa = PBXFileReference; lastKnownFileType = folder.assetcatalog; path = Assets.xcassets; sourceTree = "<group>"; };
		95D807DA1F0ADD360058205A /* Base */ = {isa = PBXFileReference; lastKnownFileType = file.storyboard; name = Base; path = Base.lproj/LaunchScreen.storyboard; sourceTree = "<group>"; };
		95D807DC1F0ADD360058205A /* Info.plist */ = {isa = PBXFileReference; lastKnownFileType = text.plist.xml; path = Info.plist; sourceTree = "<group>"; };
		95D807E11F0ADD360058205A /* TrackMyJourneysTests.xctest */ = {isa = PBXFileReference; explicitFileType = wrapper.cfbundle; includeInIndex = 0; path = TrackMyJourneysTests.xctest; sourceTree = BUILT_PRODUCTS_DIR; };
		95D807E51F0ADD360058205A /* TrackMyJourneysTests.swift */ = {isa = PBXFileReference; lastKnownFileType = sourcecode.swift; path = TrackMyJourneysTests.swift; sourceTree = "<group>"; };
		95D807E71F0ADD360058205A /* Info.plist */ = {isa = PBXFileReference; lastKnownFileType = text.plist.xml; path = Info.plist; sourceTree = "<group>"; };
		95D807EC1F0ADD360058205A /* TrackMyJourneysUITests.xctest */ = {isa = PBXFileReference; explicitFileType = wrapper.cfbundle; includeInIndex = 0; path = TrackMyJourneysUITests.xctest; sourceTree = BUILT_PRODUCTS_DIR; };
		95D807F01F0ADD360058205A /* TrackMyJourneysUITests.swift */ = {isa = PBXFileReference; lastKnownFileType = sourcecode.swift; path = TrackMyJourneysUITests.swift; sourceTree = "<group>"; };
		95D807F21F0ADD360058205A /* Info.plist */ = {isa = PBXFileReference; lastKnownFileType = text.plist.xml; path = Info.plist; sourceTree = "<group>"; };
		95D808001F0AE3370058205A /* NSNotificationKeys.swift */ = {isa = PBXFileReference; fileEncoding = 4; lastKnownFileType = sourcecode.swift; path = NSNotificationKeys.swift; sourceTree = "<group>"; };
		AEE4230A9A01A19744D339C8 /* Pods-TrackMyJourneysTests.release.xcconfig */ = {isa = PBXFileReference; includeInIndex = 1; lastKnownFileType = text.xcconfig; name = "Pods-TrackMyJourneysTests.release.xcconfig"; path = "Pods/Target Support Files/Pods-TrackMyJourneysTests/Pods-TrackMyJourneysTests.release.xcconfig"; sourceTree = "<group>"; };
		B9A55DB0E197BE051F6366DC /* Pods_TrackMyJourneysUITests.framework */ = {isa = PBXFileReference; explicitFileType = wrapper.framework; includeInIndex = 0; path = Pods_TrackMyJourneysUITests.framework; sourceTree = BUILT_PRODUCTS_DIR; };
/* End PBXFileReference section */

/* Begin PBXFrameworksBuildPhase section */
		95D807C71F0ADD360058205A /* Frameworks */ = {
			isa = PBXFrameworksBuildPhase;
			buildActionMask = 2147483647;
			files = (
				A5296D79C358F60F18B0448B /* Pods_TrackMyJourneys.framework in Frameworks */,
			);
			runOnlyForDeploymentPostprocessing = 0;
		};
		95D807DE1F0ADD360058205A /* Frameworks */ = {
			isa = PBXFrameworksBuildPhase;
			buildActionMask = 2147483647;
			files = (
				7279180F3266E002F1E0D77C /* Pods_TrackMyJourneysTests.framework in Frameworks */,
			);
			runOnlyForDeploymentPostprocessing = 0;
		};
		95D807E91F0ADD360058205A /* Frameworks */ = {
			isa = PBXFrameworksBuildPhase;
			buildActionMask = 2147483647;
			files = (
				A27F6C46DCDFE65E999A35A0 /* Pods_TrackMyJourneysUITests.framework in Frameworks */,
			);
			runOnlyForDeploymentPostprocessing = 0;
		};
/* End PBXFrameworksBuildPhase section */

/* Begin PBXGroup section */
		5251EE6240BE2646B13F5841 /* Pods */ = {
			isa = PBXGroup;
			children = (
				4271C2B32A764A7990568ABB /* Pods-TrackMyJourneys.debug.xcconfig */,
				0087F5C3289F25E84B5F95D4 /* Pods-TrackMyJourneys.release.xcconfig */,
				4BD679279342AF8740D89A47 /* Pods-TrackMyJourneysTests.debug.xcconfig */,
				AEE4230A9A01A19744D339C8 /* Pods-TrackMyJourneysTests.release.xcconfig */,
				7DD1932EC8FB7B713F99A152 /* Pods-TrackMyJourneysUITests.debug.xcconfig */,
				1D2667147D2619B8B1E2E545 /* Pods-TrackMyJourneysUITests.release.xcconfig */,
			);
			name = Pods;
			sourceTree = "<group>";
		};
		6366883ED268AA4C473770DE /* Frameworks */ = {
			isa = PBXGroup;
			children = (
				7F36BB6E01CA782A412276AD /* Pods_TrackMyJourneys.framework */,
				24B65E98C7C4E05317871D55 /* Pods_TrackMyJourneysTests.framework */,
				B9A55DB0E197BE051F6366DC /* Pods_TrackMyJourneysUITests.framework */,
			);
			name = Frameworks;
			sourceTree = "<group>";
		};
		95D807C11F0ADD360058205A = {
			isa = PBXGroup;
			children = (
				95D807CC1F0ADD360058205A /* TrackMyJourneys */,
				95D807E41F0ADD360058205A /* TrackMyJourneysTests */,
				95D807EF1F0ADD360058205A /* TrackMyJourneysUITests */,
				95D807CB1F0ADD360058205A /* Products */,
				5251EE6240BE2646B13F5841 /* Pods */,
				6366883ED268AA4C473770DE /* Frameworks */,
			);
			sourceTree = "<group>";
		};
		95D807CB1F0ADD360058205A /* Products */ = {
			isa = PBXGroup;
			children = (
				95D807CA1F0ADD360058205A /* TrackMyJourneys.app */,
				95D807E11F0ADD360058205A /* TrackMyJourneysTests.xctest */,
				95D807EC1F0ADD360058205A /* TrackMyJourneysUITests.xctest */,
			);
			name = Products;
			sourceTree = "<group>";
		};
		95D807CC1F0ADD360058205A /* TrackMyJourneys */ = {
			isa = PBXGroup;
			children = (
				95D807CD1F0ADD360058205A /* AppDelegate.swift */,
				957509BC1F0B004800D101BC /* ListTableViewController.swift */,
				95D807CF1F0ADD360058205A /* MapViewController.swift */,
				95D807D11F0ADD360058205A /* Main.storyboard */,
				95D807D71F0ADD360058205A /* Assets.xcassets */,
				95D807D91F0ADD360058205A /* LaunchScreen.storyboard */,
				95D807DC1F0ADD360058205A /* Info.plist */,
				95D807D41F0ADD360058205A /* TrackMyJourneys.xcdatamodeld */,
				95D808001F0AE3370058205A /* NSNotificationKeys.swift */,
				95409CDC1F0C3B500081BB39 /* DetailMapViewController.swift */,
				958C95BC1F0EEDD80014315F /* InfoTableViewController.swift */,
			);
			path = TrackMyJourneys;
			sourceTree = "<group>";
		};
		95D807E41F0ADD360058205A /* TrackMyJourneysTests */ = {
			isa = PBXGroup;
			children = (
				95D807E51F0ADD360058205A /* TrackMyJourneysTests.swift */,
				95D807E71F0ADD360058205A /* Info.plist */,
			);
			path = TrackMyJourneysTests;
			sourceTree = "<group>";
		};
		95D807EF1F0ADD360058205A /* TrackMyJourneysUITests */ = {
			isa = PBXGroup;
			children = (
				95D807F01F0ADD360058205A /* TrackMyJourneysUITests.swift */,
				95D807F21F0ADD360058205A /* Info.plist */,
			);
			path = TrackMyJourneysUITests;
			sourceTree = "<group>";
		};
/* End PBXGroup section */

/* Begin PBXNativeTarget section */
		95D807C91F0ADD360058205A /* TrackMyJourneys */ = {
			isa = PBXNativeTarget;
			buildConfigurationList = 95D807F51F0ADD360058205A /* Build configuration list for PBXNativeTarget "TrackMyJourneys" */;
			buildPhases = (
				60001EC65956B7131CFE7343 /* [CP] Check Pods Manifest.lock */,
				95D807C61F0ADD360058205A /* Sources */,
				95D807C71F0ADD360058205A /* Frameworks */,
				95D807C81F0ADD360058205A /* Resources */,
				68C37065898D6861BE81F51A /* [CP] Embed Pods Frameworks */,
				A6E7B51900372B5D6E64056B /* [CP] Copy Pods Resources */,
			);
			buildRules = (
			);
			dependencies = (
			);
			name = TrackMyJourneys;
			productName = TrackMyJourneys;
			productReference = 95D807CA1F0ADD360058205A /* TrackMyJourneys.app */;
			productType = "com.apple.product-type.application";
		};
		95D807E01F0ADD360058205A /* TrackMyJourneysTests */ = {
			isa = PBXNativeTarget;
			buildConfigurationList = 95D807F81F0ADD360058205A /* Build configuration list for PBXNativeTarget "TrackMyJourneysTests" */;
			buildPhases = (
				E3F2CCB1FF9C47F4DF3D9BF2 /* [CP] Check Pods Manifest.lock */,
				95D807DD1F0ADD360058205A /* Sources */,
				95D807DE1F0ADD360058205A /* Frameworks */,
				95D807DF1F0ADD360058205A /* Resources */,
				D1DC4A3E88C169B12AC51913 /* [CP] Embed Pods Frameworks */,
				C4B6E35789D3F865CB586185 /* [CP] Copy Pods Resources */,
			);
			buildRules = (
			);
			dependencies = (
				95D807E31F0ADD360058205A /* PBXTargetDependency */,
			);
			name = TrackMyJourneysTests;
			productName = TrackMyJourneysTests;
			productReference = 95D807E11F0ADD360058205A /* TrackMyJourneysTests.xctest */;
			productType = "com.apple.product-type.bundle.unit-test";
		};
		95D807EB1F0ADD360058205A /* TrackMyJourneysUITests */ = {
			isa = PBXNativeTarget;
			buildConfigurationList = 95D807FB1F0ADD360058205A /* Build configuration list for PBXNativeTarget "TrackMyJourneysUITests" */;
			buildPhases = (
				3C68FD50128D96C1B5BDB4E6 /* [CP] Check Pods Manifest.lock */,
				95D807E81F0ADD360058205A /* Sources */,
				95D807E91F0ADD360058205A /* Frameworks */,
				95D807EA1F0ADD360058205A /* Resources */,
				CD9A4EFB769284C1C3150175 /* [CP] Embed Pods Frameworks */,
				81A78EC8D35C7A173B504D77 /* [CP] Copy Pods Resources */,
			);
			buildRules = (
			);
			dependencies = (
				95D807EE1F0ADD360058205A /* PBXTargetDependency */,
			);
			name = TrackMyJourneysUITests;
			productName = TrackMyJourneysUITests;
			productReference = 95D807EC1F0ADD360058205A /* TrackMyJourneysUITests.xctest */;
			productType = "com.apple.product-type.bundle.ui-testing";
		};
/* End PBXNativeTarget section */

/* Begin PBXProject section */
		95D807C21F0ADD360058205A /* Project object */ = {
			isa = PBXProject;
			attributes = {
				LastSwiftUpdateCheck = 0830;
				LastUpgradeCheck = 0830;
				ORGANIZATIONNAME = "Michele Giuseppe Fadda";
				TargetAttributes = {
					95D807C91F0ADD360058205A = {
						CreatedOnToolsVersion = 8.3.3;
						DevelopmentTeam = 8587GH7B59;
						ProvisioningStyle = Automatic;
						SystemCapabilities = {
							com.apple.BackgroundModes = {
								enabled = 1;
							};
						};
					};
					95D807E01F0ADD360058205A = {
						CreatedOnToolsVersion = 8.3.3;
						DevelopmentTeam = 8587GH7B59;
						ProvisioningStyle = Automatic;
						TestTargetID = 95D807C91F0ADD360058205A;
					};
					95D807EB1F0ADD360058205A = {
						CreatedOnToolsVersion = 8.3.3;
						DevelopmentTeam = 8587GH7B59;
						ProvisioningStyle = Automatic;
						TestTargetID = 95D807C91F0ADD360058205A;
					};
				};
			};
			buildConfigurationList = 95D807C51F0ADD360058205A /* Build configuration list for PBXProject "TrackMyJourneys" */;
			compatibilityVersion = "Xcode 3.2";
			developmentRegion = English;
			hasScannedForEncodings = 0;
			knownRegions = (
				en,
				Base,
			);
			mainGroup = 95D807C11F0ADD360058205A;
			productRefGroup = 95D807CB1F0ADD360058205A /* Products */;
			projectDirPath = "";
			projectRoot = "";
			targets = (
				95D807C91F0ADD360058205A /* TrackMyJourneys */,
				95D807E01F0ADD360058205A /* TrackMyJourneysTests */,
				95D807EB1F0ADD360058205A /* TrackMyJourneysUITests */,
			);
		};
/* End PBXProject section */

/* Begin PBXResourcesBuildPhase section */
		95D807C81F0ADD360058205A /* Resources */ = {
			isa = PBXResourcesBuildPhase;
			buildActionMask = 2147483647;
			files = (
				95D807DB1F0ADD360058205A /* LaunchScreen.storyboard in Resources */,
				95D807D81F0ADD360058205A /* Assets.xcassets in Resources */,
				95D807D31F0ADD360058205A /* Main.storyboard in Resources */,
			);
			runOnlyForDeploymentPostprocessing = 0;
		};
		95D807DF1F0ADD360058205A /* Resources */ = {
			isa = PBXResourcesBuildPhase;
			buildActionMask = 2147483647;
			files = (
			);
			runOnlyForDeploymentPostprocessing = 0;
		};
		95D807EA1F0ADD360058205A /* Resources */ = {
			isa = PBXResourcesBuildPhase;
			buildActionMask = 2147483647;
			files = (
			);
			runOnlyForDeploymentPostprocessing = 0;
		};
/* End PBXResourcesBuildPhase section */

/* Begin PBXShellScriptBuildPhase section */
		3C68FD50128D96C1B5BDB4E6 /* [CP] Check Pods Manifest.lock */ = {
			isa = PBXShellScriptBuildPhase;
			buildActionMask = 2147483647;
			files = (
			);
			inputPaths = (
			);
			name = "[CP] Check Pods Manifest.lock";
			outputPaths = (
			);
			runOnlyForDeploymentPostprocessing = 0;
			shellPath = /bin/sh;
			shellScript = "diff \"${PODS_PODFILE_DIR_PATH}/Podfile.lock\" \"${PODS_ROOT}/Manifest.lock\" > /dev/null\nif [ $? != 0 ] ; then\n    # print error to STDERR\n    echo \"error: The sandbox is not in sync with the Podfile.lock. Run 'pod install' or update your CocoaPods installation.\" >&2\n    exit 1\nfi\n";
			showEnvVarsInLog = 0;
		};
		60001EC65956B7131CFE7343 /* [CP] Check Pods Manifest.lock */ = {
			isa = PBXShellScriptBuildPhase;
			buildActionMask = 2147483647;
			files = (
			);
			inputPaths = (
			);
			name = "[CP] Check Pods Manifest.lock";
			outputPaths = (
			);
			runOnlyForDeploymentPostprocessing = 0;
			shellPath = /bin/sh;
			shellScript = "diff \"${PODS_PODFILE_DIR_PATH}/Podfile.lock\" \"${PODS_ROOT}/Manifest.lock\" > /dev/null\nif [ $? != 0 ] ; then\n    # print error to STDERR\n    echo \"error: The sandbox is not in sync with the Podfile.lock. Run 'pod install' or update your CocoaPods installation.\" >&2\n    exit 1\nfi\n";
			showEnvVarsInLog = 0;
		};
		68C37065898D6861BE81F51A /* [CP] Embed Pods Frameworks */ = {
			isa = PBXShellScriptBuildPhase;
			buildActionMask = 2147483647;
			files = (
			);
			inputPaths = (
			);
			name = "[CP] Embed Pods Frameworks";
			outputPaths = (
			);
			runOnlyForDeploymentPostprocessing = 0;
			shellPath = /bin/sh;
			shellScript = "\"${SRCROOT}/Pods/Target Support Files/Pods-TrackMyJourneys/Pods-TrackMyJourneys-frameworks.sh\"\n";
			showEnvVarsInLog = 0;
		};
		81A78EC8D35C7A173B504D77 /* [CP] Copy Pods Resources */ = {
			isa = PBXShellScriptBuildPhase;
			buildActionMask = 2147483647;
			files = (
			);
			inputPaths = (
			);
			name = "[CP] Copy Pods Resources";
			outputPaths = (
			);
			runOnlyForDeploymentPostprocessing = 0;
			shellPath = /bin/sh;
			shellScript = "\"${SRCROOT}/Pods/Target Support Files/Pods-TrackMyJourneysUITests/Pods-TrackMyJourneysUITests-resources.sh\"\n";
			showEnvVarsInLog = 0;
		};
		A6E7B51900372B5D6E64056B /* [CP] Copy Pods Resources */ = {
			isa = PBXShellScriptBuildPhase;
			buildActionMask = 2147483647;
			files = (
			);
			inputPaths = (
			);
			name = "[CP] Copy Pods Resources";
			outputPaths = (
			);
			runOnlyForDeploymentPostprocessing = 0;
			shellPath = /bin/sh;
			shellScript = "\"${SRCROOT}/Pods/Target Support Files/Pods-TrackMyJourneys/Pods-TrackMyJourneys-resources.sh\"\n";
			showEnvVarsInLog = 0;
		};
		C4B6E35789D3F865CB586185 /* [CP] Copy Pods Resources */ = {
			isa = PBXShellScriptBuildPhase;
			buildActionMask = 2147483647;
			files = (
			);
			inputPaths = (
			);
			name = "[CP] Copy Pods Resources";
			outputPaths = (
			);
			runOnlyForDeploymentPostprocessing = 0;
			shellPath = /bin/sh;
			shellScript = "\"${SRCROOT}/Pods/Target Support Files/Pods-TrackMyJourneysTests/Pods-TrackMyJourneysTests-resources.sh\"\n";
			showEnvVarsInLog = 0;
		};
		CD9A4EFB769284C1C3150175 /* [CP] Embed Pods Frameworks */ = {
			isa = PBXShellScriptBuildPhase;
			buildActionMask = 2147483647;
			files = (
			);
			inputPaths = (
			);
			name = "[CP] Embed Pods Frameworks";
			outputPaths = (
			);
			runOnlyForDeploymentPostprocessing = 0;
			shellPath = /bin/sh;
			shellScript = "\"${SRCROOT}/Pods/Target Support Files/Pods-TrackMyJourneysUITests/Pods-TrackMyJourneysUITests-frameworks.sh\"\n";
			showEnvVarsInLog = 0;
		};
		D1DC4A3E88C169B12AC51913 /* [CP] Embed Pods Frameworks */ = {
			isa = PBXShellScriptBuildPhase;
			buildActionMask = 2147483647;
			files = (
			);
			inputPaths = (
			);
			name = "[CP] Embed Pods Frameworks";
			outputPaths = (
			);
			runOnlyForDeploymentPostprocessing = 0;
			shellPath = /bin/sh;
			shellScript = "\"${SRCROOT}/Pods/Target Support Files/Pods-TrackMyJourneysTests/Pods-TrackMyJourneysTests-frameworks.sh\"\n";
			showEnvVarsInLog = 0;
		};
		E3F2CCB1FF9C47F4DF3D9BF2 /* [CP] Check Pods Manifest.lock */ = {
			isa = PBXShellScriptBuildPhase;
			buildActionMask = 2147483647;
			files = (
			);
			inputPaths = (
			);
			name = "[CP] Check Pods Manifest.lock";
			outputPaths = (
			);
			runOnlyForDeploymentPostprocessing = 0;
			shellPath = /bin/sh;
			shellScript = "diff \"${PODS_PODFILE_DIR_PATH}/Podfile.lock\" \"${PODS_ROOT}/Manifest.lock\" > /dev/null\nif [ $? != 0 ] ; then\n    # print error to STDERR\n    echo \"error: The sandbox is not in sync with the Podfile.lock. Run 'pod install' or update your CocoaPods installation.\" >&2\n    exit 1\nfi\n";
			showEnvVarsInLog = 0;
		};
/* End PBXShellScriptBuildPhase section */

/* Begin PBXSourcesBuildPhase section */
		95D807C61F0ADD360058205A /* Sources */ = {
			isa = PBXSourcesBuildPhase;
			buildActionMask = 2147483647;
			files = (
				958C95BD1F0EEDD80014315F /* InfoTableViewController.swift in Sources */,
				95409CDD1F0C3B500081BB39 /* DetailMapViewController.swift in Sources */,
				95D807D01F0ADD360058205A /* MapViewController.swift in Sources */,
				95D807D61F0ADD360058205A /* TrackMyJourneys.xcdatamodeld in Sources */,
				95D807CE1F0ADD360058205A /* AppDelegate.swift in Sources */,
				957509BD1F0B004800D101BC /* ListTableViewController.swift in Sources */,
				95D808011F0AE3370058205A /* NSNotificationKeys.swift in Sources */,
			);
			runOnlyForDeploymentPostprocessing = 0;
		};
		95D807DD1F0ADD360058205A /* Sources */ = {
			isa = PBXSourcesBuildPhase;
			buildActionMask = 2147483647;
			files = (
				95D807E61F0ADD360058205A /* TrackMyJourneysTests.swift in Sources */,
			);
			runOnlyForDeploymentPostprocessing = 0;
		};
		95D807E81F0ADD360058205A /* Sources */ = {
			isa = PBXSourcesBuildPhase;
			buildActionMask = 2147483647;
			files = (
				95D807F11F0ADD360058205A /* TrackMyJourneysUITests.swift in Sources */,
			);
			runOnlyForDeploymentPostprocessing = 0;
		};
/* End PBXSourcesBuildPhase section */

/* Begin PBXTargetDependency section */
		95D807E31F0ADD360058205A /* PBXTargetDependency */ = {
			isa = PBXTargetDependency;
			target = 95D807C91F0ADD360058205A /* TrackMyJourneys */;
			targetProxy = 95D807E21F0ADD360058205A /* PBXContainerItemProxy */;
		};
		95D807EE1F0ADD360058205A /* PBXTargetDependency */ = {
			isa = PBXTargetDependency;
			target = 95D807C91F0ADD360058205A /* TrackMyJourneys */;
			targetProxy = 95D807ED1F0ADD360058205A /* PBXContainerItemProxy */;
		};
/* End PBXTargetDependency section */

/* Begin PBXVariantGroup section */
		95D807D11F0ADD360058205A /* Main.storyboard */ = {
			isa = PBXVariantGroup;
			children = (
				95D807D21F0ADD360058205A /* Base */,
			);
			name = Main.storyboard;
			sourceTree = "<group>";
		};
		95D807D91F0ADD360058205A /* LaunchScreen.storyboard */ = {
			isa = PBXVariantGroup;
			children = (
				95D807DA1F0ADD360058205A /* Base */,
			);
			name = LaunchScreen.storyboard;
			sourceTree = "<group>";
		};
/* End PBXVariantGroup section */

/* Begin XCBuildConfiguration section */
		95D807F31F0ADD360058205A /* Debug */ = {
			isa = XCBuildConfiguration;
			buildSettings = {
				ALWAYS_SEARCH_USER_PATHS = NO;
				CLANG_ANALYZER_NONNULL = YES;
				CLANG_ANALYZER_NUMBER_OBJECT_CONVERSION = YES_AGGRESSIVE;
				CLANG_CXX_LANGUAGE_STANDARD = "gnu++0x";
				CLANG_CXX_LIBRARY = "libc++";
				CLANG_ENABLE_MODULES = YES;
				CLANG_ENABLE_OBJC_ARC = YES;
				CLANG_WARN_BOOL_CONVERSION = YES;
				CLANG_WARN_CONSTANT_CONVERSION = YES;
				CLANG_WARN_DIRECT_OBJC_ISA_USAGE = YES_ERROR;
				CLANG_WARN_DOCUMENTATION_COMMENTS = YES;
				CLANG_WARN_EMPTY_BODY = YES;
				CLANG_WARN_ENUM_CONVERSION = YES;
				CLANG_WARN_INFINITE_RECURSION = YES;
				CLANG_WARN_INT_CONVERSION = YES;
				CLANG_WARN_OBJC_ROOT_CLASS = YES_ERROR;
				CLANG_WARN_SUSPICIOUS_MOVE = YES;
				CLANG_WARN_UNREACHABLE_CODE = YES;
				CLANG_WARN__DUPLICATE_METHOD_MATCH = YES;
				"CODE_SIGN_IDENTITY[sdk=iphoneos*]" = "iPhone Developer";
				COPY_PHASE_STRIP = NO;
				DEBUG_INFORMATION_FORMAT = dwarf;
				ENABLE_STRICT_OBJC_MSGSEND = YES;
				ENABLE_TESTABILITY = YES;
				GCC_C_LANGUAGE_STANDARD = gnu99;
				GCC_DYNAMIC_NO_PIC = NO;
				GCC_NO_COMMON_BLOCKS = YES;
				GCC_OPTIMIZATION_LEVEL = 0;
				GCC_PREPROCESSOR_DEFINITIONS = (
					"DEBUG=1",
					"$(inherited)",
				);
				GCC_WARN_64_TO_32_BIT_CONVERSION = YES;
				GCC_WARN_ABOUT_RETURN_TYPE = YES_ERROR;
				GCC_WARN_UNDECLARED_SELECTOR = YES;
				GCC_WARN_UNINITIALIZED_AUTOS = YES_AGGRESSIVE;
				GCC_WARN_UNUSED_FUNCTION = YES;
				GCC_WARN_UNUSED_VARIABLE = YES;
				IPHONEOS_DEPLOYMENT_TARGET = 10.3;
				MTL_ENABLE_DEBUG_INFO = YES;
				ONLY_ACTIVE_ARCH = YES;
				SDKROOT = iphoneos;
				SWIFT_ACTIVE_COMPILATION_CONDITIONS = DEBUG;
				SWIFT_OPTIMIZATION_LEVEL = "-Onone";
			};
			name = Debug;
		};
		95D807F41F0ADD360058205A /* Release */ = {
			isa = XCBuildConfiguration;
			buildSettings = {
				ALWAYS_SEARCH_USER_PATHS = NO;
				CLANG_ANALYZER_NONNULL = YES;
				CLANG_ANALYZER_NUMBER_OBJECT_CONVERSION = YES_AGGRESSIVE;
				CLANG_CXX_LANGUAGE_STANDARD = "gnu++0x";
				CLANG_CXX_LIBRARY = "libc++";
				CLANG_ENABLE_MODULES = YES;
				CLANG_ENABLE_OBJC_ARC = YES;
				CLANG_WARN_BOOL_CONVERSION = YES;
				CLANG_WARN_CONSTANT_CONVERSION = YES;
				CLANG_WARN_DIRECT_OBJC_ISA_USAGE = YES_ERROR;
				CLANG_WARN_DOCUMENTATION_COMMENTS = YES;
				CLANG_WARN_EMPTY_BODY = YES;
				CLANG_WARN_ENUM_CONVERSION = YES;
				CLANG_WARN_INFINITE_RECURSION = YES;
				CLANG_WARN_INT_CONVERSION = YES;
				CLANG_WARN_OBJC_ROOT_CLASS = YES_ERROR;
				CLANG_WARN_SUSPICIOUS_MOVE = YES;
				CLANG_WARN_UNREACHABLE_CODE = YES;
				CLANG_WARN__DUPLICATE_METHOD_MATCH = YES;
				"CODE_SIGN_IDENTITY[sdk=iphoneos*]" = "iPhone Developer";
				COPY_PHASE_STRIP = NO;
				DEBUG_INFORMATION_FORMAT = "dwarf-with-dsym";
				ENABLE_NS_ASSERTIONS = NO;
				ENABLE_STRICT_OBJC_MSGSEND = YES;
				GCC_C_LANGUAGE_STANDARD = gnu99;
				GCC_NO_COMMON_BLOCKS = YES;
				GCC_WARN_64_TO_32_BIT_CONVERSION = YES;
				GCC_WARN_ABOUT_RETURN_TYPE = YES_ERROR;
				GCC_WARN_UNDECLARED_SELECTOR = YES;
				GCC_WARN_UNINITIALIZED_AUTOS = YES_AGGRESSIVE;
				GCC_WARN_UNUSED_FUNCTION = YES;
				GCC_WARN_UNUSED_VARIABLE = YES;
				IPHONEOS_DEPLOYMENT_TARGET = 10.3;
				MTL_ENABLE_DEBUG_INFO = NO;
				SDKROOT = iphoneos;
				SWIFT_OPTIMIZATION_LEVEL = "-Owholemodule";
				VALIDATE_PRODUCT = YES;
			};
			name = Release;
		};
		95D807F61F0ADD360058205A /* Debug */ = {
			isa = XCBuildConfiguration;
			baseConfigurationReference = 4271C2B32A764A7990568ABB /* Pods-TrackMyJourneys.debug.xcconfig */;
			buildSettings = {
				ASSETCATALOG_COMPILER_APPICON_NAME = AppIcon;
				DEVELOPMENT_TEAM = 8587GH7B59;
				INFOPLIST_FILE = TrackMyJourneys/Info.plist;
				LD_RUNPATH_SEARCH_PATHS = "$(inherited) @executable_path/Frameworks";
				PRODUCT_BUNDLE_IDENTIFIER = "com.michele-fadda.TrackMyJourneys";
				PRODUCT_NAME = "$(TARGET_NAME)";
				SWIFT_VERSION = 3.0;
			};
			name = Debug;
		};
		95D807F71F0ADD360058205A /* Release */ = {
			isa = XCBuildConfiguration;
			baseConfigurationReference = 0087F5C3289F25E84B5F95D4 /* Pods-TrackMyJourneys.release.xcconfig */;
			buildSettings = {
				ASSETCATALOG_COMPILER_APPICON_NAME = AppIcon;
				DEVELOPMENT_TEAM = 8587GH7B59;
				INFOPLIST_FILE = TrackMyJourneys/Info.plist;
				LD_RUNPATH_SEARCH_PATHS = "$(inherited) @executable_path/Frameworks";
				PRODUCT_BUNDLE_IDENTIFIER = "com.michele-fadda.TrackMyJourneys";
				PRODUCT_NAME = "$(TARGET_NAME)";
				SWIFT_VERSION = 3.0;
			};
			name = Release;
		};
		95D807F91F0ADD360058205A /* Debug */ = {
			isa = XCBuildConfiguration;
			baseConfigurationReference = 4BD679279342AF8740D89A47 /* Pods-TrackMyJourneysTests.debug.xcconfig */;
			buildSettings = {
				ALWAYS_EMBED_SWIFT_STANDARD_LIBRARIES = YES;
				BUNDLE_LOADER = "$(TEST_HOST)";
				DEVELOPMENT_TEAM = 8587GH7B59;
				INFOPLIST_FILE = TrackMyJourneysTests/Info.plist;
				LD_RUNPATH_SEARCH_PATHS = "$(inherited) @executable_path/Frameworks @loader_path/Frameworks";
				PRODUCT_BUNDLE_IDENTIFIER = "com.michele-fadda.TrackMyJourneysTests";
				PRODUCT_NAME = "$(TARGET_NAME)";
				SWIFT_VERSION = 3.0;
				TEST_HOST = "$(BUILT_PRODUCTS_DIR)/TrackMyJourneys.app/TrackMyJourneys";
			};
			name = Debug;
		};
		95D807FA1F0ADD360058205A /* Release */ = {
			isa = XCBuildConfiguration;
			baseConfigurationReference = AEE4230A9A01A19744D339C8 /* Pods-TrackMyJourneysTests.release.xcconfig */;
			buildSettings = {
				ALWAYS_EMBED_SWIFT_STANDARD_LIBRARIES = YES;
				BUNDLE_LOADER = "$(TEST_HOST)";
				DEVELOPMENT_TEAM = 8587GH7B59;
				INFOPLIST_FILE = TrackMyJourneysTests/Info.plist;
				LD_RUNPATH_SEARCH_PATHS = "$(inherited) @executable_path/Frameworks @loader_path/Frameworks";
				PRODUCT_BUNDLE_IDENTIFIER = "com.michele-fadda.TrackMyJourneysTests";
				PRODUCT_NAME = "$(TARGET_NAME)";
				SWIFT_VERSION = 3.0;
				TEST_HOST = "$(BUILT_PRODUCTS_DIR)/TrackMyJourneys.app/TrackMyJourneys";
			};
			name = Release;
		};
		95D807FC1F0ADD360058205A /* Debug */ = {
			isa = XCBuildConfiguration;
			baseConfigurationReference = 7DD1932EC8FB7B713F99A152 /* Pods-TrackMyJourneysUITests.debug.xcconfig */;
			buildSettings = {
				ALWAYS_EMBED_SWIFT_STANDARD_LIBRARIES = YES;
				DEVELOPMENT_TEAM = 8587GH7B59;
				INFOPLIST_FILE = TrackMyJourneysUITests/Info.plist;
				LD_RUNPATH_SEARCH_PATHS = "$(inherited) @executable_path/Frameworks @loader_path/Frameworks";
				PRODUCT_BUNDLE_IDENTIFIER = "com.michele-fadda.TrackMyJourneysUITests";
				PRODUCT_NAME = "$(TARGET_NAME)";
				SWIFT_VERSION = 3.0;
				TEST_TARGET_NAME = TrackMyJourneys;
			};
			name = Debug;
		};
		95D807FD1F0ADD360058205A /* Release */ = {
			isa = XCBuildConfiguration;
			baseConfigurationReference = 1D2667147D2619B8B1E2E545 /* Pods-TrackMyJourneysUITests.release.xcconfig */;
			buildSettings = {
				ALWAYS_EMBED_SWIFT_STANDARD_LIBRARIES = YES;
				DEVELOPMENT_TEAM = 8587GH7B59;
				INFOPLIST_FILE = TrackMyJourneysUITests/Info.plist;
				LD_RUNPATH_SEARCH_PATHS = "$(inherited) @executable_path/Frameworks @loader_path/Frameworks";
				PRODUCT_BUNDLE_IDENTIFIER = "com.michele-fadda.TrackMyJourneysUITests";
				PRODUCT_NAME = "$(TARGET_NAME)";
				SWIFT_VERSION = 3.0;
				TEST_TARGET_NAME = TrackMyJourneys;
			};
			name = Release;
		};
/* End XCBuildConfiguration section */

/* Begin XCConfigurationList section */
		95D807C51F0ADD360058205A /* Build configuration list for PBXProject "TrackMyJourneys" */ = {
			isa = XCConfigurationList;
			buildConfigurations = (
				95D807F31F0ADD360058205A /* Debug */,
				95D807F41F0ADD360058205A /* Release */,
			);
			defaultConfigurationIsVisible = 0;
			defaultConfigurationName = Release;
		};
		95D807F51F0ADD360058205A /* Build configuration list for PBXNativeTarget "TrackMyJourneys" */ = {
			isa = XCConfigurationList;
			buildConfigurations = (
				95D807F61F0ADD360058205A /* Debug */,
				95D807F71F0ADD360058205A /* Release */,
			);
			defaultConfigurationIsVisible = 0;
			defaultConfigurationName = Release;
		};
		95D807F81F0ADD360058205A /* Build configuration list for PBXNativeTarget "TrackMyJourneysTests" */ = {
			isa = XCConfigurationList;
			buildConfigurations = (
				95D807F91F0ADD360058205A /* Debug */,
				95D807FA1F0ADD360058205A /* Release */,
			);
			defaultConfigurationIsVisible = 0;
			defaultConfigurationName = Release;
		};
		95D807FB1F0ADD360058205A /* Build configuration list for PBXNativeTarget "TrackMyJourneysUITests" */ = {
			isa = XCConfigurationList;
			buildConfigurations = (
				95D807FC1F0ADD360058205A /* Debug */,
				95D807FD1F0ADD360058205A /* Release */,
			);
			defaultConfigurationIsVisible = 0;
			defaultConfigurationName = Release;
		};
/* End XCConfigurationList section */

/* Begin XCVersionGroup section */
		95D807D41F0ADD360058205A /* TrackMyJourneys.xcdatamodeld */ = {
			isa = XCVersionGroup;
			children = (
				95D807D51F0ADD360058205A /* TrackMyJourneys.xcdatamodel */,
			);
			currentVersion = 95D807D51F0ADD360058205A /* TrackMyJourneys.xcdatamodel */;
			path = TrackMyJourneys.xcdatamodeld;
			sourceTree = "<group>";
			versionGroupType = wrapper.xcdatamodel;
		};
/* End XCVersionGroup section */
	};
	rootObject = 95D807C21F0ADD360058205A /* Project object */;
}
