// !$*UTF8*$!
{
	archiveVersion = 1;
	classes = {
	};
	objectVersion = 46;
	objects = {

/* Begin PBXBuildFile section */
		95D807CE1F0ADD360058205A /* AppDelegate.swift in Sources */ = {isa = PBXBuildFile; fileRef = 95D807CD1F0ADD360058205A /* AppDelegate.swift */; };
		95D807D01F0ADD360058205A /* ViewController.swift in Sources */ = {isa = PBXBuildFile; fileRef = 95D807CF1F0ADD360058205A /* ViewController.swift */; };
		95D807D31F0ADD360058205A /* Main.storyboard in Resources */ = {isa = PBXBuildFile; fileRef = 95D807D11F0ADD360058205A /* Main.storyboard */; };
		95D807D61F0ADD360058205A /* TrackMyJourneys.xcdatamodeld in Sources */ = {isa = PBXBuildFile; fileRef = 95D807D41F0ADD360058205A /* TrackMyJourneys.xcdatamodeld */; };
		95D807D81F0ADD360058205A /* Assets.xcassets in Resources */ = {isa = PBXBuildFile; fileRef = 95D807D71F0ADD360058205A /* Assets.xcassets */; };
		95D807DB1F0ADD360058205A /* LaunchScreen.storyboard in Resources */ = {isa = PBXBuildFile; fileRef = 95D807D91F0ADD360058205A /* LaunchScreen.storyboard */; };
		95D807E61F0ADD360058205A /* TrackMyJourneysTests.swift in Sources */ = {isa = PBXBuildFile; fileRef = 95D807E51F0ADD360058205A /* TrackMyJourneysTests.swift */; };
		95D807F11F0ADD360058205A /* TrackMyJourneysUITests.swift in Sources */ = {isa = PBXBuildFile; fileRef = 95D807F01F0ADD360058205A /* TrackMyJourneysUITests.swift */; };
/* End PBXBuildFile section */

/* Begin PBXContainerItemProxy section */
		95D807E21F0ADD360058205A /* PBXContainerItemProxy */ = {
			isa = PBXContainerItemProxy;
			containerPortal = 95D807C21F0ADD360058205A /* Project object */;
			proxyType = 1;
			remoteGlobalIDString = 95D807C91F0ADD360058205A;
			remoteInfo = TrackMyJourneys;
		};
		95D807ED1F0ADD360058205A /* PBXContainerItemProxy */ = {
			isa = PBXContainerItemProxy;
			containerPortal = 95D807C21F0ADD360058205A /* Project object */;
			proxyType = 1;
			remoteGlobalIDString = 95D807C91F0ADD360058205A;
			remoteInfo = TrackMyJourneys;
		};
/* End PBXContainerItemProxy section */

/* Begin PBXFileReference section */
		95D807CA1F0ADD360058205A /* TrackMyJourneys.app */ = {isa = PBXFileReference; explicitFileType = wrapper.application; includeInIndex = 0; path = TrackMyJourneys.app; sourceTree = BUILT_PRODUCTS_DIR; };
		95D807CD1F0ADD360058205A /* AppDelegate.swift */ = {isa = PBXFileReference; lastKnownFileType = sourcecode.swift; path = AppDelegate.swift; sourceTree = "<group>"; };
		95D807CF1F0ADD360058205A /* ViewController.swift */ = {isa = PBXFileReference; lastKnownFileType = sourcecode.swift; path = ViewController.swift; sourceTree = "<group>"; };
		95D807D21F0ADD360058205A /* Base */ = {isa = PBXFileReference; lastKnownFileType = file.storyboard; name = Base; path = Base.lproj/Main.storyboard; sourceTree = "<group>"; };
		95D807D51F0ADD360058205A /* TrackMyJourneys.xcdatamodel */ = {isa = PBXFileReference; lastKnownFileType = wrapper.xcdatamodel; path = TrackMyJourneys.xcdatamodel; sourceTree = "<group>"; };
		95D807D71F0ADD360058205A /* Assets.xcassets */ = {isa = PBXFileReference; lastKnownFileType = folder.assetcatalog; path = Assets.xcassets; sourceTree = "<group>"; };
		95D807DA1F0ADD360058205A /* Base */ = {isa = PBXFileReference; lastKnownFileType = file.storyboard; name = Base; path = Base.lproj/LaunchScreen.storyboard; sourceTree = "<group>"; };
		95D807DC1F0ADD360058205A /* Info.plist */ = {isa = PBXFileReference; lastKnownFileType = text.plist.xml; path = Info.plist; sourceTree = "<group>"; };
		95D807E11F0ADD360058205A /* TrackMyJourneysTests.xctest */ = {isa = PBXFileReference; explicitFileType = wrapper.cfbundle; includeInIndex = 0; path = TrackMyJourneysTests.xctest; sourceTree = BUILT_PRODUCTS_DIR; };
		95D807E51F0ADD360058205A /* TrackMyJourneysTests.swift */ = {isa = PBXFileReference; lastKnownFileType = sourcecode.swift; path = TrackMyJourneysTests.swift; sourceTree = "<group>"; };
		95D807E71F0ADD360058205A /* Info.plist */ = {isa = PBXFileReference; lastKnownFileType = text.plist.xml; path = Info.plist; sourceTree = "<group>"; };
		95D807EC1F0ADD360058205A /* TrackMyJourneysUITests.xctest */ = {isa = PBXFileReference; explicitFileType = wrapper.cfbundle; includeInIndex = 0; path = TrackMyJourneysUITests.xctest; sourceTree = BUILT_PRODUCTS_DIR; };
		95D807F01F0ADD360058205A /* TrackMyJourneysUITests.swift */ = {isa = PBXFileReference; lastKnownFileType = sourcecode.swift; path = TrackMyJourneysUITests.swift; sourceTree = "<group>"; };
		95D807F21F0ADD360058205A /* Info.plist */ = {isa = PBXFileReference; lastKnownFileType = text.plist.xml; path = Info.plist; sourceTree = "<group>"; };
/* End PBXFileReference section */

/* Begin PBXFrameworksBuildPhase section */
		95D807C71F0ADD360058205A /* Frameworks */ = {
			isa = PBXFrameworksBuildPhase;
			buildActionMask = 2147483647;
			files = (
			);
			runOnlyForDeploymentPostprocessing = 0;
		};
		95D807DE1F0ADD360058205A /* Frameworks */ = {
			isa = PBXFrameworksBuildPhase;
			buildActionMask = 2147483647;
			files = (
			);
			runOnlyForDeploymentPostprocessing = 0;
		};
		95D807E91F0ADD360058205A /* Frameworks */ = {
			isa = PBXFrameworksBuildPhase;
			buildActionMask = 2147483647;
			files = (
			);
			runOnlyForDeploymentPostprocessing = 0;
		};
/* End PBXFrameworksBuildPhase section */

/* Begin PBXGroup section */
		95D807C11F0ADD360058205A = {
			isa = PBXGroup;
			children = (
				95D807CC1F0ADD360058205A /* TrackMyJourneys */,
				95D807E41F0ADD360058205A /* TrackMyJourneysTests */,
				95D807EF1F0ADD360058205A /* TrackMyJourneysUITests */,
				95D807CB1F0ADD360058205A /* Products */,
			);
			sourceTree = "<group>";
		};
		95D807CB1F0ADD360058205A /* Products */ = {
			isa = PBXGroup;
			children = (
				95D807CA1F0ADD360058205A /* TrackMyJourneys.app */,
				95D807E11F0ADD360058205A /* TrackMyJourneysTests.xctest */,
				95D807EC1F0ADD360058205A /* TrackMyJourneysUITests.xctest */,
			);
			name = Products;
			sourceTree = "<group>";
		};
		95D807CC1F0ADD360058205A /* TrackMyJourneys */ = {
			isa = PBXGroup;
			children = (
				95D807CD1F0ADD360058205A /* AppDelegate.swift */,
				95D807CF1F0ADD360058205A /* ViewController.swift */,
				95D807D11F0ADD360058205A /* Main.storyboard */,
				95D807D71F0ADD360058205A /* Assets.xcassets */,
				95D807D91F0ADD360058205A /* LaunchScreen.storyboard */,
				95D807DC1F0ADD360058205A /* Info.plist */,
				95D807D41F0ADD360058205A /* TrackMyJourneys.xcdatamodeld */,
			);
			path = TrackMyJourneys;
			sourceTree = "<group>";
		};
		95D807E41F0ADD360058205A /* TrackMyJourneysTests */ = {
			isa = PBXGroup;
			children = (
				95D807E51F0ADD360058205A /* TrackMyJourneysTests.swift */,
				95D807E71F0ADD360058205A /* Info.plist */,
			);
			path = TrackMyJourneysTests;
			sourceTree = "<group>";
		};
		95D807EF1F0ADD360058205A /* TrackMyJourneysUITests */ = {
			isa = PBXGroup;
			children = (
				95D807F01F0ADD360058205A /* TrackMyJourneysUITests.swift */,
				95D807F21F0ADD360058205A /* Info.plist */,
			);
			path = TrackMyJourneysUITests;
			sourceTree = "<group>";
		};
/* End PBXGroup section */

/* Begin PBXNativeTarget section */
		95D807C91F0ADD360058205A /* TrackMyJourneys */ = {
			isa = PBXNativeTarget;
			buildConfigurationList = 95D807F51F0ADD360058205A /* Build configuration list for PBXNativeTarget "TrackMyJourneys" */;
			buildPhases = (
				95D807C61F0ADD360058205A /* Sources */,
				95D807C71F0ADD360058205A /* Frameworks */,
				95D807C81F0ADD360058205A /* Resources */,
			);
			buildRules = (
			);
			dependencies = (
			);
			name = TrackMyJourneys;
			productName = TrackMyJourneys;
			productReference = 95D807CA1F0ADD360058205A /* TrackMyJourneys.app */;
			productType = "com.apple.product-type.application";
		};
		95D807E01F0ADD360058205A /* TrackMyJourneysTests */ = {
			isa = PBXNativeTarget;
			buildConfigurationList = 95D807F81F0ADD360058205A /* Build configuration list for PBXNativeTarget "TrackMyJourneysTests" */;
			buildPhases = (
				95D807DD1F0ADD360058205A /* Sources */,
				95D807DE1F0ADD360058205A /* Frameworks */,
				95D807DF1F0ADD360058205A /* Resources */,
			);
			buildRules = (
			);
			dependencies = (
				95D807E31F0ADD360058205A /* PBXTargetDependency */,
			);
			name = TrackMyJourneysTests;
			productName = TrackMyJourneysTests;
			productReference = 95D807E11F0ADD360058205A /* TrackMyJourneysTests.xctest */;
			productType = "com.apple.product-type.bundle.unit-test";
		};
		95D807EB1F0ADD360058205A /* TrackMyJourneysUITests */ = {
			isa = PBXNativeTarget;
			buildConfigurationList = 95D807FB1F0ADD360058205A /* Build configuration list for PBXNativeTarget "TrackMyJourneysUITests" */;
			buildPhases = (
				95D807E81F0ADD360058205A /* Sources */,
				95D807E91F0ADD360058205A /* Frameworks */,
				95D807EA1F0ADD360058205A /* Resources */,
			);
			buildRules = (
			);
			dependencies = (
				95D807EE1F0ADD360058205A /* PBXTargetDependency */,
			);
			name = TrackMyJourneysUITests;
			productName = TrackMyJourneysUITests;
			productReference = 95D807EC1F0ADD360058205A /* TrackMyJourneysUITests.xctest */;
			productType = "com.apple.product-type.bundle.ui-testing";
		};
/* End PBXNativeTarget section */

/* Begin PBXProject section */
		95D807C21F0ADD360058205A /* Project object */ = {
			isa = PBXProject;
			attributes = {
				LastSwiftUpdateCheck = 0830;
				LastUpgradeCheck = 0830;
				ORGANIZATIONNAME = "Michele Giuseppe Fadda";
				TargetAttributes = {
					95D807C91F0ADD360058205A = {
						CreatedOnToolsVersion = 8.3.3;
						DevelopmentTeam = 8587GH7B59;
						ProvisioningStyle = Automatic;
					};
					95D807E01F0ADD360058205A = {
						CreatedOnToolsVersion = 8.3.3;
						DevelopmentTeam = 8587GH7B59;
						ProvisioningStyle = Automatic;
						TestTargetID = 95D807C91F0ADD360058205A;
					};
					95D807EB1F0ADD360058205A = {
						CreatedOnToolsVersion = 8.3.3;
						DevelopmentTeam = 8587GH7B59;
						ProvisioningStyle = Automatic;
						TestTargetID = 95D807C91F0ADD360058205A;
					};
				};
			};
			buildConfigurationList = 95D807C51F0ADD360058205A /* Build configuration list for PBXProject "TrackMyJourneys" */;
			compatibilityVersion = "Xcode 3.2";
			developmentRegion = English;
			hasScannedForEncodings = 0;
			knownRegions = (
				en,
				Base,
			);
			mainGroup = 95D807C11F0ADD360058205A;
			productRefGroup = 95D807CB1F0ADD360058205A /* Products */;
			projectDirPath = "";
			projectRoot = "";
			targets = (
				95D807C91F0ADD360058205A /* TrackMyJourneys */,
				95D807E01F0ADD360058205A /* TrackMyJourneysTests */,
				95D807EB1F0ADD360058205A /* TrackMyJourneysUITests */,
			);
		};
/* End PBXProject section */

/* Begin PBXResourcesBuildPhase section */
		95D807C81F0ADD360058205A /* Resources */ = {
			isa = PBXResourcesBuildPhase;
			buildActionMask = 2147483647;
			files = (
				95D807DB1F0ADD360058205A /* LaunchScreen.storyboard in Resources */,
				95D807D81F0ADD360058205A /* Assets.xcassets in Resources */,
				95D807D31F0ADD360058205A /* Main.storyboard in Resources */,
			);
			runOnlyForDeploymentPostprocessing = 0;
		};
		95D807DF1F0ADD360058205A /* Resources */ = {
			isa = PBXResourcesBuildPhase;
			buildActionMask = 2147483647;
			files = (
			);
			runOnlyForDeploymentPostprocessing = 0;
		};
		95D807EA1F0ADD360058205A /* Resources */ = {
			isa = PBXResourcesBuildPhase;
			buildActionMask = 2147483647;
			files = (
			);
			runOnlyForDeploymentPostprocessing = 0;
		};
/* End PBXResourcesBuildPhase section */

/* Begin PBXSourcesBuildPhase section */
		95D807C61F0ADD360058205A /* Sources */ = {
			isa = PBXSourcesBuildPhase;
			buildActionMask = 2147483647;
			files = (
				95D807D01F0ADD360058205A /* ViewController.swift in Sources */,
				95D807D61F0ADD360058205A /* TrackMyJourneys.xcdatamodeld in Sources */,
				95D807CE1F0ADD360058205A /* AppDelegate.swift in Sources */,
			);
			runOnlyForDeploymentPostprocessing = 0;
		};
		95D807DD1F0ADD360058205A /* Sources */ = {
			isa = PBXSourcesBuildPhase;
			buildActionMask = 2147483647;
			files = (
				95D807E61F0ADD360058205A /* TrackMyJourneysTests.swift in Sources */,
			);
			runOnlyForDeploymentPostprocessing = 0;
		};
		95D807E81F0ADD360058205A /* Sources */ = {
			isa = PBXSourcesBuildPhase;
			buildActionMask = 2147483647;
			files = (
				95D807F11F0ADD360058205A /* TrackMyJourneysUITests.swift in Sources */,
			);
			runOnlyForDeploymentPostprocessing = 0;
		};
/* End PBXSourcesBuildPhase section */

/* Begin PBXTargetDependency section */
		95D807E31F0ADD360058205A /* PBXTargetDependency */ = {
			isa = PBXTargetDependency;
			target = 95D807C91F0ADD360058205A /* TrackMyJourneys */;
			targetProxy = 95D807E21F0ADD360058205A /* PBXContainerItemProxy */;
		};
		95D807EE1F0ADD360058205A /* PBXTargetDependency */ = {
			isa = PBXTargetDependency;
			target = 95D807C91F0ADD360058205A /* TrackMyJourneys */;
			targetProxy = 95D807ED1F0ADD360058205A /* PBXContainerItemProxy */;
		};
/* End PBXTargetDependency section */

/* Begin PBXVariantGroup section */
		95D807D11F0ADD360058205A /* Main.storyboard */ = {
			isa = PBXVariantGroup;
			children = (
				95D807D21F0ADD360058205A /* Base */,
			);
			name = Main.storyboard;
			sourceTree = "<group>";
		};
		95D807D91F0ADD360058205A /* LaunchScreen.storyboard */ = {
			isa = PBXVariantGroup;
			children = (
				95D807DA1F0ADD360058205A /* Base */,
			);
			name = LaunchScreen.storyboard;
			sourceTree = "<group>";
		};
/* End PBXVariantGroup section */

/* Begin XCBuildConfiguration section */
		95D807F31F0ADD360058205A /* Debug */ = {
			isa = XCBuildConfiguration;
			buildSettings = {
				ALWAYS_SEARCH_USER_PATHS = NO;
				CLANG_ANALYZER_NONNULL = YES;
				CLANG_ANALYZER_NUMBER_OBJECT_CONVERSION = YES_AGGRESSIVE;
				CLANG_CXX_LANGUAGE_STANDARD = "gnu++0x";
				CLANG_CXX_LIBRARY = "libc++";
				CLANG_ENABLE_MODULES = YES;
				CLANG_ENABLE_OBJC_ARC = YES;
				CLANG_WARN_BOOL_CONVERSION = YES;
				CLANG_WARN_CONSTANT_CONVERSION = YES;
				CLANG_WARN_DIRECT_OBJC_ISA_USAGE = YES_ERROR;
				CLANG_WARN_DOCUMENTATION_COMMENTS = YES;
				CLANG_WARN_EMPTY_BODY = YES;
				CLANG_WARN_ENUM_CONVERSION = YES;
				CLANG_WARN_INFINITE_RECURSION = YES;
				CLANG_WARN_INT_CONVERSION = YES;
				CLANG_WARN_OBJC_ROOT_CLASS = YES_ERROR;
				CLANG_WARN_SUSPICIOUS_MOVE = YES;
				CLANG_WARN_UNREACHABLE_CODE = YES;
				CLANG_WARN__DUPLICATE_METHOD_MATCH = YES;
				"CODE_SIGN_IDENTITY[sdk=iphoneos*]" = "iPhone Developer";
				COPY_PHASE_STRIP = NO;
				DEBUG_INFORMATION_FORMAT = dwarf;
				ENABLE_STRICT_OBJC_MSGSEND = YES;
				ENABLE_TESTABILITY = YES;
				GCC_C_LANGUAGE_STANDARD = gnu99;
				GCC_DYNAMIC_NO_PIC = NO;
				GCC_NO_COMMON_BLOCKS = YES;
				GCC_OPTIMIZATION_LEVEL = 0;
				GCC_PREPROCESSOR_DEFINITIONS = (
					"DEBUG=1",
					"$(inherited)",
				);
				GCC_WARN_64_TO_32_BIT_CONVERSION = YES;
				GCC_WARN_ABOUT_RETURN_TYPE = YES_ERROR;
				GCC_WARN_UNDECLARED_SELECTOR = YES;
				GCC_WARN_UNINITIALIZED_AUTOS = YES_AGGRESSIVE;
				GCC_WARN_UNUSED_FUNCTION = YES;
				GCC_WARN_UNUSED_VARIABLE = YES;
				IPHONEOS_DEPLOYMENT_TARGET = 10.3;
				MTL_ENABLE_DEBUG_INFO = YES;
				ONLY_ACTIVE_ARCH = YES;
				SDKROOT = iphoneos;
				SWIFT_ACTIVE_COMPILATION_CONDITIONS = DEBUG;
				SWIFT_OPTIMIZATION_LEVEL = "-Onone";
			};
			name = Debug;
		};
		95D807F41F0ADD360058205A /* Release */ = {
			isa = XCBuildConfiguration;
			buildSettings = {
				ALWAYS_SEARCH_USER_PATHS = NO;
				CLANG_ANALYZER_NONNULL = YES;
				CLANG_ANALYZER_NUMBER_OBJECT_CONVERSION = YES_AGGRESSIVE;
				CLANG_CXX_LANGUAGE_STANDARD = "gnu++0x";
				CLANG_CXX_LIBRARY = "libc++";
				CLANG_ENABLE_MODULES = YES;
				CLANG_ENABLE_OBJC_ARC = YES;
				CLANG_WARN_BOOL_CONVERSION = YES;
				CLANG_WARN_CONSTANT_CONVERSION = YES;
				CLANG_WARN_DIRECT_OBJC_ISA_USAGE = YES_ERROR;
				CLANG_WARN_DOCUMENTATION_COMMENTS = YES;
				CLANG_WARN_EMPTY_BODY = YES;
				CLANG_WARN_ENUM_CONVERSION = YES;
				CLANG_WARN_INFINITE_RECURSION = YES;
				CLANG_WARN_INT_CONVERSION = YES;
				CLANG_WARN_OBJC_ROOT_CLASS = YES_ERROR;
				CLANG_WARN_SUSPICIOUS_MOVE = YES;
				CLANG_WARN_UNREACHABLE_CODE = YES;
				CLANG_WARN__DUPLICATE_METHOD_MATCH = YES;
				"CODE_SIGN_IDENTITY[sdk=iphoneos*]" = "iPhone Developer";
				COPY_PHASE_STRIP = NO;
				DEBUG_INFORMATION_FORMAT = "dwarf-with-dsym";
				ENABLE_NS_ASSERTIONS = NO;
				ENABLE_STRICT_OBJC_MSGSEND = YES;
				GCC_C_LANGUAGE_STANDARD = gnu99;
				GCC_NO_COMMON_BLOCKS = YES;
				GCC_WARN_64_TO_32_BIT_CONVERSION = YES;
				GCC_WARN_ABOUT_RETURN_TYPE = YES_ERROR;
				GCC_WARN_UNDECLARED_SELECTOR = YES;
				GCC_WARN_UNINITIALIZED_AUTOS = YES_AGGRESSIVE;
				GCC_WARN_UNUSED_FUNCTION = YES;
				GCC_WARN_UNUSED_VARIABLE = YES;
				IPHONEOS_DEPLOYMENT_TARGET = 10.3;
				MTL_ENABLE_DEBUG_INFO = NO;
				SDKROOT = iphoneos;
				SWIFT_OPTIMIZATION_LEVEL = "-Owholemodule";
				VALIDATE_PRODUCT = YES;
			};
			name = Release;
		};
		95D807F61F0ADD360058205A /* Debug */ = {
			isa = XCBuildConfiguration;
			buildSettings = {
				ASSETCATALOG_COMPILER_APPICON_NAME = AppIcon;
				DEVELOPMENT_TEAM = 8587GH7B59;
				INFOPLIST_FILE = TrackMyJourneys/Info.plist;
				LD_RUNPATH_SEARCH_PATHS = "$(inherited) @executable_path/Frameworks";
				PRODUCT_BUNDLE_IDENTIFIER = "com.michele-fadda.TrackMyJourneys";
				PRODUCT_NAME = "$(TARGET_NAME)";
				SWIFT_VERSION = 3.0;
			};
			name = Debug;
		};
		95D807F71F0ADD360058205A /* Release */ = {
			isa = XCBuildConfiguration;
			buildSettings = {
				ASSETCATALOG_COMPILER_APPICON_NAME = AppIcon;
				DEVELOPMENT_TEAM = 8587GH7B59;
				INFOPLIST_FILE = TrackMyJourneys/Info.plist;
				LD_RUNPATH_SEARCH_PATHS = "$(inherited) @executable_path/Frameworks";
				PRODUCT_BUNDLE_IDENTIFIER = "com.michele-fadda.TrackMyJourneys";
				PRODUCT_NAME = "$(TARGET_NAME)";
				SWIFT_VERSION = 3.0;
			};
			name = Release;
		};
		95D807F91F0ADD360058205A /* Debug */ = {
			isa = XCBuildConfiguration;
			buildSettings = {
				ALWAYS_EMBED_SWIFT_STANDARD_LIBRARIES = YES;
				BUNDLE_LOADER = "$(TEST_HOST)";
				DEVELOPMENT_TEAM = 8587GH7B59;
				INFOPLIST_FILE = TrackMyJourneysTests/Info.plist;
				LD_RUNPATH_SEARCH_PATHS = "$(inherited) @executable_path/Frameworks @loader_path/Frameworks";
				PRODUCT_BUNDLE_IDENTIFIER = "com.michele-fadda.TrackMyJourneysTests";
				PRODUCT_NAME = "$(TARGET_NAME)";
				SWIFT_VERSION = 3.0;
				TEST_HOST = "$(BUILT_PRODUCTS_DIR)/TrackMyJourneys.app/TrackMyJourneys";
			};
			name = Debug;
		};
		95D807FA1F0ADD360058205A /* Release */ = {
			isa = XCBuildConfiguration;
			buildSettings = {
				ALWAYS_EMBED_SWIFT_STANDARD_LIBRARIES = YES;
				BUNDLE_LOADER = "$(TEST_HOST)";
				DEVELOPMENT_TEAM = 8587GH7B59;
				INFOPLIST_FILE = TrackMyJourneysTests/Info.plist;
				LD_RUNPATH_SEARCH_PATHS = "$(inherited) @executable_path/Frameworks @loader_path/Frameworks";
				PRODUCT_BUNDLE_IDENTIFIER = "com.michele-fadda.TrackMyJourneysTests";
				PRODUCT_NAME = "$(TARGET_NAME)";
				SWIFT_VERSION = 3.0;
				TEST_HOST = "$(BUILT_PRODUCTS_DIR)/TrackMyJourneys.app/TrackMyJourneys";
			};
			name = Release;
		};
		95D807FC1F0ADD360058205A /* Debug */ = {
			isa = XCBuildConfiguration;
			buildSettings = {
				ALWAYS_EMBED_SWIFT_STANDARD_LIBRARIES = YES;
				DEVELOPMENT_TEAM = 8587GH7B59;
				INFOPLIST_FILE = TrackMyJourneysUITests/Info.plist;
				LD_RUNPATH_SEARCH_PATHS = "$(inherited) @executable_path/Frameworks @loader_path/Frameworks";
				PRODUCT_BUNDLE_IDENTIFIER = "com.michele-fadda.TrackMyJourneysUITests";
				PRODUCT_NAME = "$(TARGET_NAME)";
				SWIFT_VERSION = 3.0;
				TEST_TARGET_NAME = TrackMyJourneys;
			};
			name = Debug;
		};
		95D807FD1F0ADD360058205A /* Release */ = {
			isa = XCBuildConfiguration;
			buildSettings = {
				ALWAYS_EMBED_SWIFT_STANDARD_LIBRARIES = YES;
				DEVELOPMENT_TEAM = 8587GH7B59;
				INFOPLIST_FILE = TrackMyJourneysUITests/Info.plist;
				LD_RUNPATH_SEARCH_PATHS = "$(inherited) @executable_path/Frameworks @loader_path/Frameworks";
				PRODUCT_BUNDLE_IDENTIFIER = "com.michele-fadda.TrackMyJourneysUITests";
				PRODUCT_NAME = "$(TARGET_NAME)";
				SWIFT_VERSION = 3.0;
				TEST_TARGET_NAME = TrackMyJourneys;
			};
			name = Release;
		};
/* End XCBuildConfiguration section */

/* Begin XCConfigurationList section */
		95D807C51F0ADD360058205A /* Build configuration list for PBXProject "TrackMyJourneys" */ = {
			isa = XCConfigurationList;
			buildConfigurations = (
				95D807F31F0ADD360058205A /* Debug */,
				95D807F41F0ADD360058205A /* Release */,
			);
			defaultConfigurationIsVisible = 0;
			defaultConfigurationName = Release;
		};
		95D807F51F0ADD360058205A /* Build configuration list for PBXNativeTarget "TrackMyJourneys" */ = {
			isa = XCConfigurationList;
			buildConfigurations = (
				95D807F61F0ADD360058205A /* Debug */,
				95D807F71F0ADD360058205A /* Release */,
			);
			defaultConfigurationIsVisible = 0;
		};
		95D807F81F0ADD360058205A /* Build configuration list for PBXNativeTarget "TrackMyJourneysTests" */ = {
			isa = XCConfigurationList;
			buildConfigurations = (
				95D807F91F0ADD360058205A /* Debug */,
				95D807FA1F0ADD360058205A /* Release */,
			);
			defaultConfigurationIsVisible = 0;
		};
		95D807FB1F0ADD360058205A /* Build configuration list for PBXNativeTarget "TrackMyJourneysUITests" */ = {
			isa = XCConfigurationList;
			buildConfigurations = (
				95D807FC1F0ADD360058205A /* Debug */,
				95D807FD1F0ADD360058205A /* Release */,
			);
			defaultConfigurationIsVisible = 0;
		};
/* End XCConfigurationList section */

/* Begin XCVersionGroup section */
		95D807D41F0ADD360058205A /* TrackMyJourneys.xcdatamodeld */ = {
			isa = XCVersionGroup;
			children = (
				95D807D51F0ADD360058205A /* TrackMyJourneys.xcdatamodel */,
			);
			currentVersion = 95D807D51F0ADD360058205A /* TrackMyJourneys.xcdatamodel */;
			path = TrackMyJourneys.xcdatamodeld;
			sourceTree = "<group>";
			versionGroupType = wrapper.xcdatamodel;
		};
/* End XCVersionGroup section */
	};
	rootObject = 95D807C21F0ADD360058205A /* Project object */;
}
